
Microsoft Visual Studio Solution File, Format Version 11.00
# Visual Studio 2010
Project("{FAE04EC0-301F-11D3-BF4B-00C04F79EFBC}") = "UnityEngine.TestRunner", "UnityEngine.TestRunner.csproj", "{1B6C3B8D-6FFC-3099-7911-DD41C432D4C5}"
EndProject
Project("{FAE04EC0-301F-11D3-BF4B-00C04F79EFBC}") = "Unity.Timeline", "Unity.Timeline.csproj", "{8FB82AA2-2BE3-C4AA-1DDB-42A31D49B919}"
EndProject
Project("{FAE04EC0-301F-11D3-BF4B-00C04F79EFBC}") = "UnityEngine.UI", "UnityEngine.UI.csproj", "{91AFBAFE-A59B-AD4A-3144-A01E84843167}"
EndProject
Project("{FAE04EC0-301F-11D3-BF4B-00C04F79EFBC}") = "Unity.TextMeshPro", "Unity.TextMeshPro.csproj", "{DC628AD5-F32A-D997-FB26-48D3F84CA499}"
EndProject
Project("{FAE04EC0-301F-11D3-BF4B-00C04F79EFBC}") = "Assembly-CSharp", "Assembly-CSharp.csproj", "{854CC65A-755D-2376-95BF-B6E064F35330}"
EndProject
Project("{FAE04EC0-301F-11D3-BF4B-00C04F79EFBC}") = "UnityEditor.TestRunner", "UnityEditor.TestRunner.csproj", "{C21D24C0-42E5-E800-CA37-932A40932EBE}"
EndProject
Project("{FAE04EC0-301F-11D3-BF4B-00C04F79EFBC}") = "Unity.PlasticSCM.Editor", "Unity.PlasticSCM.Editor.csproj", "{CB048491-21FA-744E-4E7C-08D7788FE7CD}"
EndProject
Project("{FAE04EC0-301F-11D3-BF4B-00C04F79EFBC}") = "UnityEditor.UI", "UnityEditor.UI.csproj", "{52D8E383-7E0B-A7CA-DCE7-C4CD958AAC08}"
EndProject
Project("{FAE04EC0-301F-11D3-BF4B-00C04F79EFBC}") = "Unity.Services.Core.Editor", "Unity.Services.Core.Editor.csproj", "{9E374D63-F3D9-5CCD-F849-8829BB318359}"
EndProject
Project("{FAE04EC0-301F-11D3-BF4B-00C04F79EFBC}") = "Unity.Timeline.Editor", "Unity.Timeline.Editor.csproj", "{71530424-9C63-882C-218A-4B24C116E86E}"
EndProject
Project("{FAE04EC0-301F-11D3-BF4B-00C04F79EFBC}") = "Unity.VisualStudio.Editor", "Unity.VisualStudio.Editor.csproj", "{CD652F12-1A10-78C2-798A-F0F5291EF617}"
EndProject
Project("{FAE04EC0-301F-11D3-BF4B-00C04F79EFBC}") = "Unity.TextMeshPro.Editor", "Unity.TextMeshPro.Editor.csproj", "{6979681E-06FE-A3AC-A53F-D84503F61257}"
EndProject
Project("{FAE04EC0-301F-11D3-BF4B-00C04F79EFBC}") = "Unity.CollabProxy.Editor", "Unity.CollabProxy.Editor.csproj", "{028456DE-5212-F941-2783-BEC5AAB29DE0}"
EndProject
Project("{FAE04EC0-301F-11D3-BF4B-00C04F79EFBC}") = "Unity.Rider.Editor", "Unity.Rider.Editor.csproj", "{48844F38-66BC-94BA-53F9-DFEBE01EAA98}"
EndProject
Project("{FAE04EC0-301F-11D3-BF4B-00C04F79EFBC}") = "Unity.VSCode.Editor", "Unity.VSCode.Editor.csproj", "{94CCDBF8-5213-65B1-0376-F301DEAD9704}"
EndProject
Project("{FAE04EC0-301F-11D3-BF4B-00C04F79EFBC}") = "UnityEngine.TestRunner.Player", "UnityEngine.TestRunner.Player.csproj", "{943C9DBC-26EF-E4F7-CA8B-6D6A6DAB4FC0}"
EndProject
Project("{FAE04EC0-301F-11D3-BF4B-00C04F79EFBC}") = "Unity.Timeline.Player", "Unity.Timeline.Player.csproj", "{CF2DE62D-A71E-6127-57FF-28DF6C16C578}"
EndProject
Project("{FAE04EC0-301F-11D3-BF4B-00C04F79EFBC}") = "UnityEngine.UI.Player", "UnityEngine.UI.Player.csproj", "{38602A58-1EF9-3CA9-85F0-BB2CB3887CA2}"
EndProject
Project("{FAE04EC0-301F-11D3-BF4B-00C04F79EFBC}") = "Unity.TextMeshPro.Player", "Unity.TextMeshPro.Player.csproj", "{EE26C558-81D6-EC8C-9948-09527A35542E}"
EndProject
Project("{FAE04EC0-301F-11D3-BF4B-00C04F79EFBC}") = "Assembly-CSharp.Player", "Assembly-CSharp.Player.csproj", "{8BD6E113-6B48-4598-3DBC-5B3BDAA122C0}"
EndProject
Global
	GlobalSection(SolutionConfigurationPlatforms) = preSolution
		Debug|Any CPU = Debug|Any CPU
		Release|Any CPU = Release|Any CPU
	EndGlobalSection
	GlobalSection(ProjectConfigurationPlatforms) = postSolution
		{1B6C3B8D-6FFC-3099-7911-DD41C432D4C5}.Debug|Any CPU.ActiveCfg = Debug|Any CPU
		{1B6C3B8D-6FFC-3099-7911-DD41C432D4C5}.Debug|Any CPU.Build.0 = Debug|Any CPU
		{1B6C3B8D-6FFC-3099-7911-DD41C432D4C5}.Release|Any CPU.ActiveCfg = Release|Any CPU
		{1B6C3B8D-6FFC-3099-7911-DD41C432D4C5}.Release|Any CPU.Build.0 = Release|Any CPU
		{8FB82AA2-2BE3-C4AA-1DDB-42A31D49B919}.Debug|Any CPU.ActiveCfg = Debug|Any CPU
		{8FB82AA2-2BE3-C4AA-1DDB-42A31D49B919}.Debug|Any CPU.Build.0 = Debug|Any CPU
		{8FB82AA2-2BE3-C4AA-1DDB-42A31D49B919}.Release|Any CPU.ActiveCfg = Release|Any CPU
		{8FB82AA2-2BE3-C4AA-1DDB-42A31D49B919}.Release|Any CPU.Build.0 = Release|Any CPU
		{91AFBAFE-A59B-AD4A-3144-A01E84843167}.Debug|Any CPU.ActiveCfg = Debug|Any CPU
		{91AFBAFE-A59B-AD4A-3144-A01E84843167}.Debug|Any CPU.Build.0 = Debug|Any CPU
		{91AFBAFE-A59B-AD4A-3144-A01E84843167}.Release|Any CPU.ActiveCfg = Release|Any CPU
		{91AFBAFE-A59B-AD4A-3144-A01E84843167}.Release|Any CPU.Build.0 = Release|Any CPU
		{DC628AD5-F32A-D997-FB26-48D3F84CA499}.Debug|Any CPU.ActiveCfg = Debug|Any CPU
		{DC628AD5-F32A-D997-FB26-48D3F84CA499}.Debug|Any CPU.Build.0 = Debug|Any CPU
		{DC628AD5-F32A-D997-FB26-48D3F84CA499}.Release|Any CPU.ActiveCfg = Release|Any CPU
		{DC628AD5-F32A-D997-FB26-48D3F84CA499}.Release|Any CPU.Build.0 = Release|Any CPU
		{854CC65A-755D-2376-95BF-B6E064F35330}.Debug|Any CPU.ActiveCfg = Debug|Any CPU
		{854CC65A-755D-2376-95BF-B6E064F35330}.Debug|Any CPU.Build.0 = Debug|Any CPU
		{854CC65A-755D-2376-95BF-B6E064F35330}.Release|Any CPU.ActiveCfg = Release|Any CPU
		{854CC65A-755D-2376-95BF-B6E064F35330}.Release|Any CPU.Build.0 = Release|Any CPU
		{C21D24C0-42E5-E800-CA37-932A40932EBE}.Debug|Any CPU.ActiveCfg = Debug|Any CPU
		{C21D24C0-42E5-E800-CA37-932A40932EBE}.Debug|Any CPU.Build.0 = Debug|Any CPU
		{C21D24C0-42E5-E800-CA37-932A40932EBE}.Release|Any CPU.ActiveCfg = Release|Any CPU
		{C21D24C0-42E5-E800-CA37-932A40932EBE}.Release|Any CPU.Build.0 = Release|Any CPU
		{CB048491-21FA-744E-4E7C-08D7788FE7CD}.Debug|Any CPU.ActiveCfg = Debug|Any CPU
		{CB048491-21FA-744E-4E7C-08D7788FE7CD}.Debug|Any CPU.Build.0 = Debug|Any CPU
		{CB048491-21FA-744E-4E7C-08D7788FE7CD}.Release|Any CPU.ActiveCfg = Release|Any CPU
		{CB048491-21FA-744E-4E7C-08D7788FE7CD}.Release|Any CPU.Build.0 = Release|Any CPU
		{52D8E383-7E0B-A7CA-DCE7-C4CD958AAC08}.Debug|Any CPU.ActiveCfg = Debug|Any CPU
		{52D8E383-7E0B-A7CA-DCE7-C4CD958AAC08}.Debug|Any CPU.Build.0 = Debug|Any CPU
		{52D8E383-7E0B-A7CA-DCE7-C4CD958AAC08}.Release|Any CPU.ActiveCfg = Release|Any CPU
		{52D8E383-7E0B-A7CA-DCE7-C4CD958AAC08}.Release|Any CPU.Build.0 = Release|Any CPU
		{9E374D63-F3D9-5CCD-F849-8829BB318359}.Debug|Any CPU.ActiveCfg = Debug|Any CPU
		{9E374D63-F3D9-5CCD-F849-8829BB318359}.Debug|Any CPU.Build.0 = Debug|Any CPU
		{9E374D63-F3D9-5CCD-F849-8829BB318359}.Release|Any CPU.ActiveCfg = Release|Any CPU
		{9E374D63-F3D9-5CCD-F849-8829BB318359}.Release|Any CPU.Build.0 = Release|Any CPU
		{71530424-9C63-882C-218A-4B24C116E86E}.Debug|Any CPU.ActiveCfg = Debug|Any CPU
		{71530424-9C63-882C-218A-4B24C116E86E}.Debug|Any CPU.Build.0 = Debug|Any CPU
		{71530424-9C63-882C-218A-4B24C116E86E}.Release|Any CPU.ActiveCfg = Release|Any CPU
		{71530424-9C63-882C-218A-4B24C116E86E}.Release|Any CPU.Build.0 = Release|Any CPU
		{CD652F12-1A10-78C2-798A-F0F5291EF617}.Debug|Any CPU.ActiveCfg = Debug|Any CPU
		{CD652F12-1A10-78C2-798A-F0F5291EF617}.Debug|Any CPU.Build.0 = Debug|Any CPU
		{CD652F12-1A10-78C2-798A-F0F5291EF617}.Release|Any CPU.ActiveCfg = Release|Any CPU
		{CD652F12-1A10-78C2-798A-F0F5291EF617}.Release|Any CPU.Build.0 = Release|Any CPU
		{6979681E-06FE-A3AC-A53F-D84503F61257}.Debug|Any CPU.ActiveCfg = Debug|Any CPU
		{6979681E-06FE-A3AC-A53F-D84503F61257}.Debug|Any CPU.Build.0 = Debug|Any CPU
		{6979681E-06FE-A3AC-A53F-D84503F61257}.Release|Any CPU.ActiveCfg = Release|Any CPU
		{6979681E-06FE-A3AC-A53F-D84503F61257}.Release|Any CPU.Build.0 = Release|Any CPU
		{028456DE-5212-F941-2783-BEC5AAB29DE0}.Debug|Any CPU.ActiveCfg = Debug|Any CPU
		{028456DE-5212-F941-2783-BEC5AAB29DE0}.Debug|Any CPU.Build.0 = Debug|Any CPU
		{028456DE-5212-F941-2783-BEC5AAB29DE0}.Release|Any CPU.ActiveCfg = Release|Any CPU
		{028456DE-5212-F941-2783-BEC5AAB29DE0}.Release|Any CPU.Build.0 = Release|Any CPU
		{48844F38-66BC-94BA-53F9-DFEBE01EAA98}.Debug|Any CPU.ActiveCfg = Debug|Any CPU
		{48844F38-66BC-94BA-53F9-DFEBE01EAA98}.Debug|Any CPU.Build.0 = Debug|Any CPU
		{48844F38-66BC-94BA-53F9-DFEBE01EAA98}.Release|Any CPU.ActiveCfg = Release|Any CPU
		{48844F38-66BC-94BA-53F9-DFEBE01EAA98}.Release|Any CPU.Build.0 = Release|Any CPU
		{94CCDBF8-5213-65B1-0376-F301DEAD9704}.Debug|Any CPU.ActiveCfg = Debug|Any CPU
		{94CCDBF8-5213-65B1-0376-F301DEAD9704}.Debug|Any CPU.Build.0 = Debug|Any CPU
		{94CCDBF8-5213-65B1-0376-F301DEAD9704}.Release|Any CPU.ActiveCfg = Release|Any CPU
		{94CCDBF8-5213-65B1-0376-F301DEAD9704}.Release|Any CPU.Build.0 = Release|Any CPU
		{943C9DBC-26EF-E4F7-CA8B-6D6A6DAB4FC0}.Debug|Any CPU.ActiveCfg = Debug|Any CPU
		{943C9DBC-26EF-E4F7-CA8B-6D6A6DAB4FC0}.Debug|Any CPU.Build.0 = Debug|Any CPU
		{943C9DBC-26EF-E4F7-CA8B-6D6A6DAB4FC0}.Release|Any CPU.ActiveCfg = Release|Any CPU
		{943C9DBC-26EF-E4F7-CA8B-6D6A6DAB4FC0}.Release|Any CPU.Build.0 = Release|Any CPU
		{CF2DE62D-A71E-6127-57FF-28DF6C16C578}.Debug|Any CPU.ActiveCfg = Debug|Any CPU
		{CF2DE62D-A71E-6127-57FF-28DF6C16C578}.Debug|Any CPU.Build.0 = Debug|Any CPU
		{CF2DE62D-A71E-6127-57FF-28DF6C16C578}.Release|Any CPU.ActiveCfg = Release|Any CPU
		{CF2DE62D-A71E-6127-57FF-28DF6C16C578}.Release|Any CPU.Build.0 = Release|Any CPU
		{38602A58-1EF9-3CA9-85F0-BB2CB3887CA2}.Debug|Any CPU.ActiveCfg = Debug|Any CPU
		{38602A58-1EF9-3CA9-85F0-BB2CB3887CA2}.Debug|Any CPU.Build.0 = Debug|Any CPU
		{38602A58-1EF9-3CA9-85F0-BB2CB3887CA2}.Release|Any CPU.ActiveCfg = Release|Any CPU
		{38602A58-1EF9-3CA9-85F0-BB2CB3887CA2}.Release|Any CPU.Build.0 = Release|Any CPU
		{EE26C558-81D6-EC8C-9948-09527A35542E}.Debug|Any CPU.ActiveCfg = Debug|Any CPU
		{EE26C558-81D6-EC8C-9948-09527A35542E}.Debug|Any CPU.Build.0 = Debug|Any CPU
		{EE26C558-81D6-EC8C-9948-09527A35542E}.Release|Any CPU.ActiveCfg = Release|Any CPU
		{EE26C558-81D6-EC8C-9948-09527A35542E}.Release|Any CPU.Build.0 = Release|Any CPU
		{8BD6E113-6B48-4598-3DBC-5B3BDAA122C0}.Debug|Any CPU.ActiveCfg = Debug|Any CPU
		{8BD6E113-6B48-4598-3DBC-5B3BDAA122C0}.Debug|Any CPU.Build.0 = Debug|Any CPU
		{8BD6E113-6B48-4598-3DBC-5B3BDAA122C0}.Release|Any CPU.ActiveCfg = Release|Any CPU
		{8BD6E113-6B48-4598-3DBC-5B3BDAA122C0}.Release|Any CPU.Build.0 = Release|Any CPU
	EndGlobalSection
	GlobalSection(SolutionProperties) = preSolution
		HideSolutionNode = FALSE
	EndGlobalSection
EndGlobal
